
Microsoft Visual Studio Solution File, Format Version 12.00
# Visual Studio Version 17
VisualStudioVersion = 17.5.33627.172
MinimumVisualStudioVersion = 10.0.40219.1
Project("{FAE04EC0-301F-11D3-BF4B-00C04F79EFBC}") = "MiniAgenda", "MiniAgenda\MiniAgenda.csproj", "{4FA71B7D-5BFC-40EC-9224-50773957AEB8}"
EndProject
Global
	GlobalSection(SolutionConfigurationPlatforms) = preSolution
		Debug|Any CPU = Debug|Any CPU
		Release|Any CPU = Release|Any CPU
	EndGlobalSection
	GlobalSection(ProjectConfigurationPlatforms) = postSolution
		{4FA71B7D-5BFC-40EC-9224-50773957AEB8}.Debug|Any CPU.ActiveCfg = Debug|Any CPU
		{4FA71B7D-5BFC-40EC-9224-50773957AEB8}.Debug|Any CPU.Build.0 = Debug|Any CPU
		{4FA71B7D-5BFC-40EC-9224-50773957AEB8}.Release|Any CPU.ActiveCfg = Release|Any CPU
		{4FA71B7D-5BFC-40EC-9224-50773957AEB8}.Release|Any CPU.Build.0 = Release|Any CPU
	EndGlobalSection
	GlobalSection(SolutionProperties) = preSolution
		HideSolutionNode = FALSE
	EndGlobalSection
	GlobalSection(ExtensibilityGlobals) = postSolution
		SolutionGuid = {4787CDFD-F70E-469F-BB64-D540354B019D}
	EndGlobalSection
EndGlobal
